
Microsoft Visual Studio Solution File, Format Version 12.00
# Visual Studio Version 16
VisualStudioVersion = 16.0.29418.71
MinimumVisualStudioVersion = 10.0.40219.1
Project("{FAE04EC0-301F-11D3-BF4B-00C04F79EFBC}") = "MVCMovie", "MVCMovie.csproj", "{AD7C48B1-AD64-4C12-B90A-46E32362CBFA}"
EndProject
Global
	GlobalSection(SolutionConfigurationPlatforms) = preSolution
		Debug|Any CPU = Debug|Any CPU
		Release|Any CPU = Release|Any CPU
	EndGlobalSection
	GlobalSection(ProjectConfigurationPlatforms) = postSolution
		{AD7C48B1-AD64-4C12-B90A-46E32362CBFA}.Debug|Any CPU.ActiveCfg = Debug|Any CPU
		{AD7C48B1-AD64-4C12-B90A-46E32362CBFA}.Debug|Any CPU.Build.0 = Debug|Any CPU
		{AD7C48B1-AD64-4C12-B90A-46E32362CBFA}.Release|Any CPU.ActiveCfg = Release|Any CPU
		{AD7C48B1-AD64-4C12-B90A-46E32362CBFA}.Release|Any CPU.Build.0 = Release|Any CPU
	EndGlobalSection
	GlobalSection(SolutionProperties) = preSolution
		HideSolutionNode = FALSE
	EndGlobalSection
	GlobalSection(ExtensibilityGlobals) = postSolution
		SolutionGuid = {7FDFABBD-2521-4C4C-AB9F-1A405F2ED890}
	EndGlobalSection
EndGlobal
