
Microsoft Visual Studio Solution File, Format Version 12.00
# Visual Studio Version 16
VisualStudioVersion = 16.0.29418.71
MinimumVisualStudioVersion = 10.0.40219.1
Project("{FAE04EC0-301F-11D3-BF4B-00C04F79EFBC}") = "GestaoOrcamentariaSouNos", "GestaoOrcamentariaSouNos.csproj", "{5B03AEA6-3B99-4543-B5F1-5898D955EF56}"
EndProject
Global
	GlobalSection(SolutionConfigurationPlatforms) = preSolution
		Debug|Any CPU = Debug|Any CPU
		Release|Any CPU = Release|Any CPU
	EndGlobalSection
	GlobalSection(ProjectConfigurationPlatforms) = postSolution
		{5B03AEA6-3B99-4543-B5F1-5898D955EF56}.Debug|Any CPU.ActiveCfg = Debug|Any CPU
		{5B03AEA6-3B99-4543-B5F1-5898D955EF56}.Debug|Any CPU.Build.0 = Debug|Any CPU
		{5B03AEA6-3B99-4543-B5F1-5898D955EF56}.Release|Any CPU.ActiveCfg = Release|Any CPU
		{5B03AEA6-3B99-4543-B5F1-5898D955EF56}.Release|Any CPU.Build.0 = Release|Any CPU
	EndGlobalSection
	GlobalSection(SolutionProperties) = preSolution
		HideSolutionNode = FALSE
	EndGlobalSection
	GlobalSection(ExtensibilityGlobals) = postSolution
		SolutionGuid = {04C3181A-3059-453C-B4AB-A5F6AC73E745}
	EndGlobalSection
EndGlobal
